{
  "R": {
    "Version": "3.6.1",
    "Repositories": [
      {
        "Name": "CRAN",
        "URL": "https://cran.rstudio.com"
      }
    ]
  },
  "Packages": {
    "BH": {
      "Package": "BH",
      "Version": "1.69.0-1",
      "Source": "Repository",
      "Repository": "CRAN",
      "RemoteType": "standard",
      "RemoteRef": "BH",
      "RemoteRepos": "https://cran.rstudio.com",
      "RemoteSha": "1.69.0-1",
      "Hash": "0fde015f5153e51df44981da0767f522"
    },
    "DBI": {
      "Package": "DBI",
      "Version": "1.0.0",
      "Source": "Repository",
      "Repository": "CRAN",
      "RemoteType": "standard",
      "RemoteRef": "DBI",
      "RemoteRepos": "https://cran.rstudio.com",
      "RemoteSha": "1.0.0",
      "Hash": "2b2b6ea2111e1e57e192765d5013a3c5"
    },
    "KernSmooth": {
      "Package": "KernSmooth",
      "Version": "2.23-16",
      "Source": "Repository",
      "Repository": "CRAN",
      "Hash": "a531dc333440009ee13bbb507232476d"
    },
    "MASS": {
      "Package": "MASS",
      "Version": "7.3-51.4",
      "Source": "Repository",
      "Repository": "CRAN",
      "RemoteType": "standard",
      "RemoteRef": "MASS",
      "RemoteRepos": "https://cran.rstudio.com",
      "RemoteSha": "7.3-51.4",
      "Hash": "a489ad42493fa9bfac8f3e3a3bc7d4ca"
    },
    "Matrix": {
      "Package": "Matrix",
      "Version": "1.2-17",
      "Source": "Repository",
      "Repository": "CRAN",
      "RemoteType": "standard",
      "RemoteRef": "Matrix",
      "RemoteRepos": "https://cran.rstudio.com",
      "RemoteSha": "1.2-17",
      "Hash": "a60009c832f495604f54399f21d89cc8"
    },
    "R6": {
      "Package": "R6",
      "Version": "2.4.1",
      "Source": "Repository",
      "Repository": "CRAN",
      "Hash": "32b894df8893259af194abdc2b1fc366"
    },
    "RColorBrewer": {
      "Package": "RColorBrewer",
      "Version": "1.1-2",
      "Source": "Repository",
      "Repository": "CRAN",
      "RemoteType": "standard",
      "RemoteRef": "RColorBrewer",
      "RemoteRepos": "https://cran.rstudio.com",
      "RemoteSha": "1.1-2",
      "Hash": "f8a3bcc800d613797f1dfdf8ef4f0bfc"
    },
    "Rcpp": {
      "Package": "Rcpp",
      "Version": "1.0.3",
      "Source": "Repository",
      "Repository": "CRAN",
      "Hash": "084336e3a1a0d358337525d7a394bb8b"
    },
    "WikidataR": {
      "Package": "WikidataR",
      "Version": "1.4.0",
      "Source": "Repository",
      "Repository": "CRAN",
      "Hash": "692dbe5413171f0250098587ec1cef8d"
    },
    "WikipediR": {
      "Package": "WikipediR",
      "Version": "1.5.0",
      "Source": "Repository",
      "Repository": "CRAN",
      "Hash": "a8b3289b160b9a757b17d2abedba3990"
    },
    "askpass": {
      "Package": "askpass",
      "Version": "1.1",
      "Source": "Repository",
      "Repository": "CRAN",
      "RemoteType": "standard",
      "RemoteRef": "askpass",
      "RemoteRepos": "https://cran.rstudio.com",
      "RemoteSha": "1.1",
      "Hash": "46678e19f261db289be40292d8e5d5bf"
    },
    "assertr": {
      "Package": "assertr",
      "Version": "2.6",
      "Source": "Repository",
      "Repository": "CRAN",
      "Hash": "4230c5a025bced183dbb83693879061d"
    },
    "assertthat": {
      "Package": "assertthat",
      "Version": "0.2.1",
      "Source": "Repository",
      "Repository": "CRAN",
      "RemoteType": "standard",
      "RemoteRef": "assertthat",
      "RemoteRepos": "https://cran.rstudio.com",
      "RemoteSha": "0.2.1",
      "Hash": "19fb3d0ad048b4eb1a05cacffbae1f66"
    },
    "backports": {
      "Package": "backports",
      "Version": "1.1.5",
      "Source": "Repository",
      "Repository": "CRAN",
      "Hash": "dbb1e40b6f07d378cce8abc3b5fa6326"
    },
    "base64enc": {
      "Package": "base64enc",
      "Version": "0.1-3",
      "Source": "Repository",
      "Repository": "CRAN",
      "RemoteType": "standard",
      "RemoteRef": "base64enc",
      "RemoteRepos": "https://cran.rstudio.com",
      "RemoteSha": "0.1-3",
      "Hash": "d355963b4b1c3039bfe8d65611a11cca"
    },
    "callr": {
      "Package": "callr",
      "Version": "3.3.2",
      "Source": "Repository",
      "Repository": "CRAN",
      "Hash": "3826226af5ca33cd8fa0b1d9c190b300"
    },
    "class": {
      "Package": "class",
      "Version": "7.3-15",
      "Source": "Repository",
      "Repository": "CRAN",
      "RemoteType": "standard",
      "RemoteRef": "class",
      "RemoteRepos": "https://cran.rstudio.com",
      "RemoteSha": "7.3-15",
      "Hash": "4878ea322bdd292b96affa71fd4332bd"
    },
    "classInt": {
      "Package": "classInt",
      "Version": "0.4-2",
      "Source": "Repository",
      "Repository": "CRAN",
      "Hash": "b13e3f4ab31a97cec2e0aaa7e7a41898"
    },
    "cli": {
      "Package": "cli",
      "Version": "1.1.0",
      "Source": "Repository",
      "Repository": "CRAN",
      "RemoteType": "standard",
      "RemoteRef": "cli",
      "RemoteRepos": "https://cran.rstudio.com",
      "RemoteSha": "1.1.0",
      "Hash": "9b3dc7798f53ba3050b41ce4a3febdc5"
    },
    "clipr": {
      "Package": "clipr",
      "Version": "0.7.0",
      "Source": "Repository",
      "Repository": "CRAN",
      "RemoteType": "standard",
      "RemoteRef": "clipr",
      "RemoteRepos": "https://cran.rstudio.com",
      "RemoteSha": "0.7.0",
      "Hash": "9a99b54d2baf9393d0a68b6ea9513ee6"
    },
    "clisymbols": {
      "Package": "clisymbols",
      "Version": "1.2.0",
      "Source": "Repository",
      "Repository": "CRAN",
      "RemoteType": "standard",
      "RemoteRef": "clisymbols",
      "RemoteRepos": "https://cran.rstudio.com",
      "RemoteSha": "1.2.0",
      "Hash": "ce91c46caba29e30c44cfd87659bf8a4"
    },
    "colorspace": {
      "Package": "colorspace",
      "Version": "1.4-1",
      "Source": "Repository",
      "Repository": "CRAN",
      "RemoteType": "standard",
      "RemoteRef": "colorspace",
      "RemoteRepos": "https://cran.rstudio.com",
      "RemoteSha": "1.4-1",
      "Hash": "c25d49739abb6ebf4b3d0c3565574226"
    },
    "crayon": {
      "Package": "crayon",
      "Version": "1.3.4",
      "Source": "Repository",
      "Repository": "CRAN",
      "RemoteType": "standard",
      "RemoteRef": "crayon",
      "RemoteRepos": "https://cran.rstudio.com",
      "RemoteSha": "1.3.4",
      "Hash": "d308ead32010b8e4d76c4690427da50b"
    },
    "crosstalk": {
      "Package": "crosstalk",
      "Version": "1.0.0",
      "Source": "Repository",
      "Repository": "CRAN",
      "Hash": "2bc962d85f29df259cc1a6930727ce87"
    },
    "curl": {
      "Package": "curl",
      "Version": "4.2",
      "Source": "Repository",
      "Repository": "CRAN",
      "Hash": "63410438360944341b6bba487340a466"
    },
    "data.table": {
      "Package": "data.table",
      "Version": "1.12.6",
      "Source": "Repository",
      "Repository": "CRAN",
      "Hash": "e4c9420e97e4b574c7f7cd00fa4c1879"
    },
    "desc": {
      "Package": "desc",
      "Version": "1.2.0",
      "Source": "Repository",
      "Repository": "CRAN",
      "RemoteType": "standard",
      "RemoteRef": "desc",
      "RemoteRepos": "https://cran.rstudio.com",
      "RemoteSha": "1.2.0",
      "Hash": "0119aa659b9c1db195b4bd7c617d18c0"
    },
    "digest": {
      "Package": "digest",
      "Version": "0.6.23",
      "Source": "Repository",
      "Repository": "CRAN",
      "Hash": "ed4a691194af45374f99d2d700400240"
    },
    "dplyr": {
      "Package": "dplyr",
      "Version": "0.8.3",
      "Source": "Repository",
      "Repository": "CRAN",
      "RemoteType": "standard",
      "RemoteRef": "dplyr",
      "RemoteRepos": "https://cran.rstudio.com",
      "RemoteSha": "0.8.3",
      "Hash": "17783831e1e918ab250dcae5dd9c6e03"
    },
    "e1071": {
      "Package": "e1071",
      "Version": "1.7-3",
      "Source": "Repository",
      "Repository": "CRAN",
      "Hash": "bf32aa25333922a6a01078722aeca9ae"
    },
    "ellipsis": {
      "Package": "ellipsis",
      "Version": "0.3.0",
      "Source": "Repository",
      "Repository": "CRAN",
      "Hash": "d9e858795a1a4ebfe6960e4514449d40"
    },
    "ensurer": {
      "Package": "ensurer",
      "Version": "1.1",
      "Source": "Repository",
      "Repository": "CRAN",
      "Hash": "4ebecb675abc23b880e3325f967246ad"
    },
    "evaluate": {
      "Package": "evaluate",
      "Version": "0.14",
      "Source": "Repository",
      "Repository": "CRAN",
      "RemoteType": "standard",
      "RemoteRef": "evaluate",
      "RemoteRepos": "https://cran.rstudio.com",
      "RemoteSha": "0.14",
      "Hash": "5a6c1949963e0785dbcbb0556337d61e"
    },
    "fansi": {
      "Package": "fansi",
      "Version": "0.4.0",
      "Source": "Repository",
      "Repository": "CRAN",
      "RemoteType": "standard",
      "RemoteRef": "fansi",
      "RemoteRepos": "https://cran.rstudio.com",
      "RemoteSha": "0.4.0",
      "Hash": "cd87b0162287f0da225edfaa2fd3a20c"
    },
    "farver": {
      "Package": "farver",
      "Version": "2.0.1",
      "Source": "Repository",
      "Repository": "CRAN",
      "Hash": "8b389e971e00a574360051d7dd84d823"
    },
    "fastmap": {
      "Package": "fastmap",
      "Version": "1.0.1",
      "Source": "Repository",
      "Repository": "CRAN",
      "Hash": "7a0d4ec0aa0299e3907f8f4f982e33b4"
    },
    "fs": {
      "Package": "fs",
      "Version": "1.3.1",
      "Source": "Repository",
      "Repository": "CRAN",
      "RemoteType": "standard",
      "RemoteRef": "fs",
      "RemoteRepos": "https://cran.rstudio.com",
      "RemoteSha": "1.3.1",
      "Hash": "dba7e43c4103d978cb7c95b97987cc68"
    },
    "ggplot2": {
      "Package": "ggplot2",
      "Version": "3.2.1",
      "Source": "Repository",
      "Repository": "CRAN",
      "RemoteType": "standard",
      "RemoteRef": "ggplot2",
      "RemoteRepos": "https://cran.rstudio.com",
      "RemoteSha": "3.2.1",
      "Hash": "635db021d29f3523c4f88e82d0c01c5e"
    },
    "gh": {
      "Package": "gh",
      "Version": "1.0.1",
      "Source": "Repository",
      "Repository": "CRAN",
      "RemoteType": "standard",
      "RemoteRef": "gh",
      "RemoteRepos": "https://cran.rstudio.com",
      "RemoteSha": "1.0.1",
      "Hash": "3fc5d4d6893bd1598318a35def5e9d23"
    },
    "git2r": {
      "Package": "git2r",
      "Version": "0.26.1",
      "Source": "Repository",
      "Repository": "CRAN",
      "RemoteType": "standard",
      "RemoteRef": "git2r",
      "RemoteRepos": "https://cran.rstudio.com",
      "RemoteSha": "0.26.1",
      "Hash": "22ea14e8f582d4a83a273f24ac43e27e"
    },
    "glue": {
      "Package": "glue",
      "Version": "1.3.1",
      "Source": "Repository",
      "Repository": "CRAN",
      "RemoteType": "standard",
      "RemoteRef": "glue",
      "RemoteRepos": "https://cran.rstudio.com",
      "RemoteSha": "1.3.1",
      "Hash": "e8436e647719b7c9d01409767cd88cc8"
    },
    "gridExtra": {
      "Package": "gridExtra",
      "Version": "2.3",
      "Source": "Repository",
      "Repository": "CRAN",
      "Hash": "4626f6a59a3b1095e7bdc7bd02a3107f"
    },
    "gtable": {
      "Package": "gtable",
      "Version": "0.3.0",
      "Source": "Repository",
      "Repository": "CRAN",
      "RemoteType": "standard",
      "RemoteRef": "gtable",
      "RemoteRepos": "https://cran.rstudio.com",
      "RemoteSha": "0.3.0",
      "Hash": "6a58b2980a57345822ec5f9c7d2d1751"
    },
    "highr": {
      "Package": "highr",
      "Version": "0.8",
      "Source": "Repository",
      "Repository": "CRAN",
      "Hash": "43e36bc8bca1d8256f86933659c46349"
    },
    "hms": {
      "Package": "hms",
      "Version": "0.5.2",
      "Source": "Repository",
      "Repository": "CRAN",
      "Hash": "d151e6378bc324454f39db7ffbebaa6d"
    },
    "htmltools": {
      "Package": "htmltools",
      "Version": "0.4.0",
      "Source": "Repository",
      "Repository": "CRAN",
      "Hash": "639ced211d4574cb149a7906b22e110f"
    },
    "htmlwidgets": {
      "Package": "htmlwidgets",
      "Version": "1.5.1",
      "Source": "Repository",
      "Repository": "CRAN",
      "Hash": "f2ea129162a975cc3828d56d5270616d"
    },
    "httpuv": {
      "Package": "httpuv",
      "Version": "1.5.2",
      "Source": "Repository",
      "Repository": "CRAN",
      "Hash": "f708a79efa59756bf40137118c20d837"
    },
    "httr": {
      "Package": "httr",
      "Version": "1.4.1",
      "Source": "Repository",
      "Repository": "CRAN",
      "Hash": "5dbd937df2ed15043fd4b49e1e217030"
    },
    "ini": {
      "Package": "ini",
      "Version": "0.3.1",
      "Source": "Repository",
      "Repository": "CRAN",
      "RemoteType": "standard",
      "RemoteRef": "ini",
      "RemoteRepos": "https://cran.rstudio.com",
      "RemoteSha": "0.3.1",
      "Hash": "4a15d8cfc931554fb2e71d66c1313b45"
    },
    "janitor": {
      "Package": "janitor",
      "Version": "1.2.0",
      "Source": "Repository",
      "Repository": "CRAN",
      "Hash": "e1310d9b920ef337ec2ecd8d73b21f0d"
    },
    "jpmesh": {
      "Package": "jpmesh",
      "Version": "1.1.3.9000",
      "Source": "GitHub",
      "RemoteType": "github",
      "RemoteUsername": "uribo",
      "RemoteRepo": "jpmesh",
      "RemoteRef": "master",
      "RemoteSha": "86cde426a8f016f6deb24cbdb5a61ecdb0e781b6",
      "RemoteHost": "api.github.com",
      "Hash": "004d0bcb58ba39f08e13862f780f26b2"
    },
    "jpndistrict": {
      "Package": "jpndistrict",
      "Version": "0.3.4",
      "Source": "Repository",
      "Repository": "CRAN",
      "Hash": "ea5b15bca4aafdd6eaabbbcb55b34c2b"
    },
    "jsonlite": {
      "Package": "jsonlite",
      "Version": "1.6",
      "Source": "Repository",
      "Repository": "CRAN",
      "RemoteType": "standard",
      "RemoteRef": "jsonlite",
      "RemoteRepos": "https://cran.rstudio.com",
      "RemoteSha": "1.6",
      "Hash": "b7e67b6a7bc2fdae729c0f3ff9026a8a"
    },
    "knitr": {
      "Package": "knitr",
      "Version": "1.26",
      "Source": "Repository",
      "Repository": "CRAN",
      "Hash": "4a9bc248b52335212d8d36f9a4c6a6f0"
    },
    "labeling": {
      "Package": "labeling",
      "Version": "0.3",
      "Source": "Repository",
      "Repository": "CRAN",
      "RemoteType": "standard",
      "RemoteRef": "labeling",
      "RemoteRepos": "https://cran.rstudio.com",
      "RemoteSha": "0.3",
      "Hash": "e1f613894f080d1eee41c34b281a2184"
    },
    "later": {
      "Package": "later",
      "Version": "1.0.0",
      "Source": "Repository",
      "Repository": "CRAN",
      "Hash": "19ddb614c1423400e9ea7bf6bfd34a36"
    },
    "lattice": {
      "Package": "lattice",
      "Version": "0.20-38",
      "Source": "Repository",
      "Repository": "CRAN",
      "RemoteType": "standard",
      "RemoteRef": "lattice",
      "RemoteRepos": "https://cran.rstudio.com",
      "RemoteSha": "0.20-38",
      "Hash": "6f7aa123115b33bc9ad1ca800874b1de"
    },
    "lazyeval": {
      "Package": "lazyeval",
      "Version": "0.2.2",
      "Source": "Repository",
      "Repository": "CRAN",
      "RemoteType": "standard",
      "RemoteRef": "lazyeval",
      "RemoteRepos": "https://cran.rstudio.com",
      "RemoteSha": "0.2.2",
      "Hash": "d2f5e98b8b7ae633e252830c3243c2ab"
    },
    "leaflet": {
      "Package": "leaflet",
      "Version": "2.0.3",
      "Source": "Repository",
      "Repository": "CRAN",
      "Hash": "d8d72835b8a9324b95e2832b1d43e3c5"
    },
    "leaflet.providers": {
      "Package": "leaflet.providers",
      "Version": "1.9.0",
      "Source": "Repository",
      "Repository": "CRAN",
      "Hash": "d470154d0a62b443fdaaf901436dc274"
    },
    "lifecycle": {
      "Package": "lifecycle",
      "Version": "0.1.0",
      "Source": "Repository",
      "Repository": "CRAN",
      "Hash": "670a552ae202a4f69e2e644f524dfffd"
    },
    "lubridate": {
      "Package": "lubridate",
      "Version": "1.7.4",
      "Source": "Repository",
      "Repository": "CRAN",
      "RemoteType": "standard",
      "RemoteRef": "lubridate",
      "RemoteRepos": "https://cran.rstudio.com",
      "RemoteSha": "1.7.4",
      "Hash": "d55fdb3732a8f047e49b86064dd78984"
    },
    "magrittr": {
      "Package": "magrittr",
      "Version": "1.5",
      "Source": "Repository",
      "Repository": "CRAN",
      "RemoteType": "standard",
      "RemoteRef": "magrittr",
      "RemoteRepos": "https://cran.rstudio.com",
      "RemoteSha": "1.5",
      "Hash": "dee1d97cffddfd3ed969e224bd0826d0"
    },
    "markdown": {
      "Package": "markdown",
      "Version": "1.1",
      "Source": "Repository",
      "Repository": "CRAN",
      "RemoteType": "standard",
      "RemoteRef": "markdown",
      "RemoteRepos": "https://cran.rstudio.com",
      "RemoteSha": "1.1",
      "Hash": "80e1f73841614fa35f82a85d66fb41da"
    },
    "mgcv": {
      "Package": "mgcv",
      "Version": "1.8-31",
      "Source": "Repository",
      "Repository": "CRAN",
      "Hash": "f197e17aac34206ab3fac4b455e745b3"
    },
    "mime": {
      "Package": "mime",
      "Version": "0.7",
      "Source": "Repository",
      "Repository": "CRAN",
      "RemoteType": "standard",
      "RemoteRef": "mime",
      "RemoteRepos": "https://cran.rstudio.com",
      "RemoteSha": "0.7",
      "Hash": "908d95ccbfd1dd274073ef07a7c93934"
    },
    "miniUI": {
      "Package": "miniUI",
      "Version": "0.1.1.1",
      "Source": "Repository",
      "Repository": "CRAN",
      "Hash": "53236ac4d8dcc50446bbb83c45e024cd"
    },
    "munsell": {
      "Package": "munsell",
      "Version": "0.5.0",
      "Source": "Repository",
      "Repository": "CRAN",
      "RemoteType": "standard",
      "RemoteRef": "munsell",
      "RemoteRepos": "https://cran.rstudio.com",
      "RemoteSha": "0.5.0",
      "Hash": "9111af6c6dec65538ebd3de6c0bae864"
    },
    "nlme": {
      "Package": "nlme",
      "Version": "3.1-142",
      "Source": "Repository",
      "Repository": "CRAN",
      "Hash": "461440bd0af49208d6ec9be46ad1e5de"
    },
    "openssl": {
      "Package": "openssl",
      "Version": "1.4.1",
      "Source": "Repository",
      "Repository": "CRAN",
      "RemoteType": "standard",
      "RemoteRef": "openssl",
      "RemoteRepos": "https://cran.rstudio.com",
      "RemoteSha": "1.4.1",
      "Hash": "6c438de366d5693238d1c400deb66cb6"
    },
    "pillar": {
      "Package": "pillar",
      "Version": "1.4.2",
      "Source": "Repository",
      "Repository": "CRAN",
      "RemoteType": "standard",
      "RemoteRef": "pillar",
      "RemoteRepos": "https://cran.rstudio.com",
      "RemoteSha": "1.4.2",
      "Hash": "57645ff795277554eee14df5bcee8025"
    },
    "pkgbuild": {
      "Package": "pkgbuild",
      "Version": "1.0.6",
      "Source": "Repository",
      "Repository": "CRAN",
      "Hash": "0514428b15e609740155a0a0a3e182c5"
    },
    "pkgconfig": {
      "Package": "pkgconfig",
      "Version": "2.0.3",
      "Source": "Repository",
      "Repository": "CRAN",
      "Hash": "587295d4cdb937d4e3cf19bd46829326"
    },
    "pkgload": {
      "Package": "pkgload",
      "Version": "1.0.2",
      "Source": "Repository",
      "Repository": "CRAN",
      "Hash": "f214a72af3442fdd3396ceccbb7d7f44"
    },
    "plogr": {
      "Package": "plogr",
      "Version": "0.2.0",
      "Source": "Repository",
      "Repository": "CRAN",
      "RemoteType": "standard",
      "RemoteRef": "plogr",
      "RemoteRepos": "https://cran.rstudio.com",
      "RemoteSha": "0.2.0",
      "Hash": "1a8304cc1382ef64e3b710ba589d7bc0"
    },
    "plyr": {
      "Package": "plyr",
      "Version": "1.8.4",
      "Source": "Repository",
      "Repository": "CRAN",
      "RemoteType": "standard",
      "RemoteRef": "plyr",
      "RemoteRepos": "https://cran.rstudio.com",
      "RemoteSha": "1.8.4",
      "Hash": "37dd0f3aadee2ac99e47168f4bffddb7"
    },
    "png": {
      "Package": "png",
      "Version": "0.1-7",
      "Source": "Repository",
      "Repository": "CRAN",
      "Hash": "2facb7d8929420c91d1ddc8d4636f787"
    },
    "praise": {
      "Package": "praise",
      "Version": "1.0.0",
      "Source": "Repository",
      "Repository": "CRAN",
      "Hash": "3940f2f321d5fa9fb72b8887b0454660"
    },
    "prettyunits": {
      "Package": "prettyunits",
      "Version": "1.0.2",
      "Source": "Repository",
      "Repository": "CRAN",
      "RemoteType": "standard",
      "RemoteRef": "prettyunits",
      "RemoteRepos": "https://cran.rstudio.com",
      "RemoteSha": "1.0.2",
      "Hash": "33ce93b23647e85c127f8e1bb08604fc"
    },
    "processx": {
      "Package": "processx",
      "Version": "3.4.1",
      "Source": "Repository",
      "Repository": "CRAN",
      "RemoteType": "standard",
      "RemoteRef": "processx",
      "RemoteRepos": "https://cran.rstudio.com",
      "RemoteSha": "3.4.1",
      "Hash": "fec9b1a798e49d0609702929706a1dfc"
    },
    "promises": {
      "Package": "promises",
      "Version": "1.1.0",
      "Source": "Repository",
      "Repository": "CRAN",
      "Hash": "58abc43e83bbc8231c416a812743ab98"
    },
    "ps": {
      "Package": "ps",
      "Version": "1.3.0",
      "Source": "Repository",
      "Repository": "CRAN",
      "RemoteType": "standard",
      "RemoteRef": "ps",
      "RemoteRepos": "https://cran.rstudio.com",
      "RemoteSha": "1.3.0",
      "Hash": "a38f3fd447d1595a3da538910054b911"
    },
    "purrr": {
      "Package": "purrr",
      "Version": "0.3.3",
      "Source": "Repository",
      "Repository": "CRAN",
      "Hash": "b174d35f8cfb40b0c0b66d2bb0bc4224"
    },
    "raster": {
      "Package": "raster",
      "Version": "3.0-7",
      "Source": "Repository",
      "Repository": "CRAN",
      "Hash": "060374e8d188b105e1e6dbfcdede54aa"
    },
    "readr": {
      "Package": "readr",
      "Version": "1.3.1",
      "Source": "Repository",
      "Repository": "CRAN",
      "Hash": "60167b7ec3de99e76ff406aaf0f83bb4"
    },
    "renv": {
      "Package": "renv",
      "Version": "0.8.3",
      "Source": "Repository",
      "Repository": "CRAN",
      "Hash": "4ee3e91b679fbd7102c1fd51f9a4bc59"
    },
    "reshape2": {
      "Package": "reshape2",
      "Version": "1.4.3",
      "Source": "Repository",
      "Repository": "CRAN",
      "RemoteType": "standard",
      "RemoteRef": "reshape2",
      "RemoteRepos": "https://cran.rstudio.com",
      "RemoteSha": "1.4.3",
      "Hash": "ac685130d1a25e3f6470960fd29c5693"
    },
    "rlang": {
      "Package": "rlang",
      "Version": "0.4.2",
      "Source": "Repository",
      "Repository": "CRAN",
      "Hash": "d963fc6d77b53554f438d82ef8cbea62"
    },
    "rmarkdown": {
      "Package": "rmarkdown",
      "Version": "1.17",
      "Source": "Repository",
      "Repository": "CRAN",
      "Hash": "b0829435ecf8d260997ac7afb01f29ca"
    },
    "rprojroot": {
      "Package": "rprojroot",
      "Version": "1.3-2",
      "Source": "Repository",
      "Repository": "CRAN",
      "RemoteType": "standard",
      "RemoteRef": "rprojroot",
      "RemoteRepos": "https://cran.rstudio.com",
      "RemoteSha": "1.3-2",
      "Hash": "5382761b8b318da6dd3fb0f6dae3c43a"
    },
    "rstudioapi": {
      "Package": "rstudioapi",
      "Version": "0.10",
      "Source": "Repository",
      "Repository": "CRAN",
      "RemoteType": "standard",
      "RemoteRef": "rstudioapi",
      "RemoteRepos": "https://cran.rstudio.com",
      "RemoteSha": "0.10",
      "Hash": "04552808fd065fdf0fec7bad340eb83c"
    },
    "scales": {
      "Package": "scales",
      "Version": "1.1.0",
      "Source": "Repository",
      "Repository": "CRAN",
      "Hash": "a98877092d646d981a9249d5ea7774ea"
    },
    "sf": {
      "Package": "sf",
      "Version": "0.8-0",
      "Source": "Repository",
      "Repository": "CRAN",
      "Hash": "a97d5cea14231ec8f443afc5fbde97d3"
    },
    "shiny": {
      "Package": "shiny",
      "Version": "1.4.0",
      "Source": "Repository",
      "Repository": "CRAN",
      "Hash": "25dd339c951981444081a370b4afad40"
    },
    "snakecase": {
      "Package": "snakecase",
      "Version": "0.11.0",
      "Source": "Repository",
      "Repository": "CRAN",
      "Hash": "5c861a2766fb272f515b7704dcbe08d6"
    },
    "sourcetools": {
      "Package": "sourcetools",
      "Version": "0.1.7",
      "Source": "Repository",
      "Repository": "CRAN",
      "Hash": "fc68fa34b8576eaa5a845a46ad75e214"
    },
    "sp": {
      "Package": "sp",
      "Version": "1.3-2",
      "Source": "Repository",
      "Repository": "CRAN",
      "Hash": "19bcc842106d0a24c3d92138d83d8f21"
    },
    "stringi": {
      "Package": "stringi",
      "Version": "1.4.3",
      "Source": "Repository",
      "Repository": "CRAN",
      "RemoteType": "standard",
      "RemoteRef": "stringi",
      "RemoteRepos": "https://cran.rstudio.com",
      "RemoteSha": "1.4.3",
      "Hash": "113506f116db9dd5bd1caf46884e0647"
    },
    "stringr": {
      "Package": "stringr",
      "Version": "1.4.0",
      "Source": "Repository",
      "Repository": "CRAN",
      "RemoteType": "standard",
      "RemoteRef": "stringr",
      "RemoteRepos": "https://cran.rstudio.com",
      "RemoteSha": "1.4.0",
      "Hash": "41d6310ad18bd019a203d7adc496a28b"
    },
    "sys": {
      "Package": "sys",
      "Version": "3.3",
      "Source": "Repository",
      "Repository": "CRAN",
      "Hash": "9ecf6bee5958b8977bd1db3131978a71"
    },
    "testthat": {
      "Package": "testthat",
      "Version": "2.3.0",
      "Source": "Repository",
      "Repository": "CRAN",
      "Hash": "546f9348ba728fc3844ac74aabcc7839"
    },
    "tibble": {
      "Package": "tibble",
      "Version": "2.1.3",
      "Source": "Repository",
      "Repository": "CRAN",
      "RemoteType": "standard",
      "RemoteRef": "tibble",
      "RemoteRepos": "https://cran.rstudio.com",
      "RemoteSha": "2.1.3",
      "Hash": "a8d41bd284e21ab7e776d228dc5bac91"
    },
    "tidyr": {
      "Package": "tidyr",
      "Version": "1.0.0",
      "Source": "Repository",
      "Repository": "CRAN",
      "Hash": "8b597bb9db2885612b6bafbc2f83bd08"
    },
    "tidyselect": {
      "Package": "tidyselect",
      "Version": "0.2.5",
      "Source": "Repository",
      "Repository": "CRAN",
      "RemoteType": "standard",
      "RemoteRef": "tidyselect",
      "RemoteRepos": "https://cran.rstudio.com",
      "RemoteSha": "0.2.5",
      "Hash": "dc3fcbc21f04b293e0794e24982cf357"
    },
    "tinytex": {
      "Package": "tinytex",
      "Version": "0.17",
      "Source": "Repository",
      "Repository": "CRAN",
      "Hash": "077c604ce8fd8096a8a47eea31faab8e"
    },
    "units": {
      "Package": "units",
      "Version": "0.6-5",
      "Source": "Repository",
      "Repository": "CRAN",
      "Hash": "194e118b972a32f95ed36ad474836a3c"
    },
    "usethis": {
      "Package": "usethis",
      "Version": "1.5.1.9000",
      "Source": "GitHub",
      "RemoteType": "github",
      "RemoteUsername": "r-lib",
      "RemoteRepo": "usethis",
      "RemoteRef": "master",
      "RemoteSha": "55a5f95364d0b65ff6edcb1c1b2e36bf7d2d519a",
      "RemoteHost": "api.github.com",
      "Hash": "097205bbc7e5dd427ff2fdd86a028135"
    },
    "utf8": {
      "Package": "utf8",
      "Version": "1.1.4",
      "Source": "Repository",
      "Repository": "CRAN",
      "RemoteType": "standard",
      "RemoteRef": "utf8",
      "RemoteRepos": "https://cran.rstudio.com",
      "RemoteSha": "1.1.4",
      "Hash": "3f1a5a5b184f63379f8e6c08d5036c53"
    },
    "vctrs": {
      "Package": "vctrs",
      "Version": "0.2.0",
      "Source": "Repository",
      "Repository": "CRAN",
      "RemoteType": "standard",
      "RemoteRef": "vctrs",
      "RemoteRepos": "https://cran.rstudio.com",
      "RemoteSha": "0.2.0",
      "Hash": "4bdc6a6c4c5a434d880b73817d4ea641"
    },
    "viridis": {
      "Package": "viridis",
      "Version": "0.5.1",
      "Source": "Repository",
      "Repository": "CRAN",
      "Hash": "36f082a7e4f833bd4dc4839c5a8d2a84"
    },
    "viridisLite": {
      "Package": "viridisLite",
      "Version": "0.3.0",
      "Source": "Repository",
      "Repository": "CRAN",
      "RemoteType": "standard",
      "RemoteRef": "viridisLite",
      "RemoteRepos": "https://cran.rstudio.com",
      "RemoteSha": "0.3.0",
      "Hash": "1f264fa42320c4f44b1689d89101e823"
    },
    "whisker": {
      "Package": "whisker",
      "Version": "0.4",
      "Source": "Repository",
      "Repository": "CRAN",
      "Hash": "99cb522b4fa9e2cf1592ac5163fd917f"
    },
    "withr": {
      "Package": "withr",
      "Version": "2.1.2",
      "Source": "Repository",
      "Repository": "CRAN",
      "RemoteType": "standard",
      "RemoteRef": "withr",
      "RemoteRepos": "https://cran.rstudio.com",
      "RemoteSha": "2.1.2",
      "Hash": "7c9aef08038f47e6c1532ed574a0e087"
    },
    "xfun": {
      "Package": "xfun",
      "Version": "0.11",
      "Source": "Repository",
      "Repository": "CRAN",
      "Hash": "7d51266ba491e922f72026a90552378b"
    },
    "xml2": {
      "Package": "xml2",
      "Version": "1.2.2",
      "Source": "Repository",
      "Repository": "CRAN",
      "Hash": "22fa8b694a7ffcec094bfb94a405595d"
    },
    "xtable": {
      "Package": "xtable",
      "Version": "1.8-4",
      "Source": "Repository",
      "Repository": "CRAN",
      "Hash": "48f60fcc0974ce72870076d48038df2d"
    },
    "yaml": {
      "Package": "yaml",
      "Version": "2.2.0",
      "Source": "Repository",
      "Repository": "CRAN",
      "RemoteType": "standard",
      "RemoteRef": "yaml",
      "RemoteRepos": "https://cran.rstudio.com",
      "RemoteSha": "2.2.0",
      "Hash": "3a313c96061c4ac790de611dc57ebd1f"
    },
    "zeallot": {
      "Package": "zeallot",
      "Version": "0.1.0",
      "Source": "Repository",
      "Repository": "CRAN",
      "RemoteType": "standard",
      "RemoteRef": "zeallot",
      "RemoteRepos": "https://cran.rstudio.com",
      "RemoteSha": "0.1.0",
      "Hash": "45d65588b02d47970fc84adecb2ee664"
    }
  }
}
